
Microsoft Visual Studio Solution File, Format Version 12.00
# Visual Studio Version 17
VisualStudioVersion = 17.0.31903.59
MinimumVisualStudioVersion = 10.0.40219.1
Project("{2150E333-8FDC-42A3-9474-1A3956D46DE8}") = "samples", "samples", "{5D20AA90-6969-D8BD-9DCD-8634F4692FDA}"
EndProject
Project("{FAE04EC0-301F-11D3-BF4B-00C04F79EFBC}") = "IslandsSample", "samples\IslandsSample\IslandsSample.csproj", "{2EFE13E2-4C34-4634-95BB-542A60158E32}"
EndProject
Project("{2150E333-8FDC-42A3-9474-1A3956D46DE8}") = "src", "src", "{827E0CD3-B72D-47B6-A68D-7590B98EB39B}"
EndProject
Project("{FAE04EC0-301F-11D3-BF4B-00C04F79EFBC}") = "BlazorIslands", "src\BlazorIslands\BlazorIslands.csproj", "{AF8724F2-75C6-420F-A2B5-271665EF3EE4}"
EndProject
Project("{2150E333-8FDC-42A3-9474-1A3956D46DE8}") = "tests", "tests", "{0AB3BF05-4346-4AA6-1389-037BE0695223}"
EndProject
Project("{FAE04EC0-301F-11D3-BF4B-00C04F79EFBC}") = "BlazorIslands.Tests", "tests\BlazorIslands.Tests\BlazorIslands.Tests.csproj", "{196C4E99-0BBC-410D-BFC0-EAFD939203F4}"
EndProject
Project("{2150E333-8FDC-42A3-9474-1A3956D46DE8}") = "tools", "tools", "{07C2787E-EAC7-C090-1BA3-A61EC2A24D84}"
EndProject
Project("{F2A71F9B-5D33-465A-A702-920D77279786}") = "BlazorIslands.Codegen", "tools\BlazorIslands.Codegen\BlazorIslands.Codegen.fsproj", "{E5F6F30A-5250-4E56-AB5C-B507B0BAE0CC}"
EndProject
Project("{F2A71F9B-5D33-465A-A702-920D77279786}") = "BlazorIslands.Server", "src\BlazorIslands.Server\BlazorIslands.Server.fsproj", "{96C39683-9AB0-420D-AA39-4A5ADBB6F81A}"
EndProject
Project("{F2A71F9B-5D33-465A-A702-920D77279786}") = "BlazorIslands.Server.Tests", "tests\BlazorIslands.Server.Tests\BlazorIslands.Server.Tests.fsproj", "{9A56C9AF-D691-4B17-91CA-581A7E6A3BE3}"
EndProject
Project("{F2A71F9B-5D33-465A-A702-920D77279786}") = "IslandsSample.FSharp", "samples\IslandsSample.FSharp\IslandsSample.FSharp.fsproj", "{C13B0AA1-D650-4B88-B1FF-90FEC5819B67}"
EndProject
Project("{FAE04EC0-301F-11D3-BF4B-00C04F79EFBC}") = "BlazorIslands.TestTypes", "tests\BlazorIslands.TestTypes\BlazorIslands.TestTypes.csproj", "{03689ACE-5C32-443F-A28E-3457EE44B0A8}"
EndProject
Project("{FAE04EC0-301F-11D3-BF4B-00C04F79EFBC}") = "BlazorIslands.AspNetCore", "src\BlazorIslands.AspNetCore\BlazorIslands.AspNetCore.csproj", "{38EA6521-8EC9-45B8-BF9B-34608FE59716}"
EndProject
Project("{FAE04EC0-301F-11D3-BF4B-00C04F79EFBC}") = "IslandsSample.Client", "samples\IslandsSample.Client\IslandsSample.Client.csproj", "{94BD29E8-2A0F-4E3A-9852-F4A8115150A9}"
EndProject
Global
	GlobalSection(SolutionConfigurationPlatforms) = preSolution
		Debug|Any CPU = Debug|Any CPU
		Debug|x64 = Debug|x64
		Debug|x86 = Debug|x86
		Release|Any CPU = Release|Any CPU
		Release|x64 = Release|x64
		Release|x86 = Release|x86
	EndGlobalSection
	GlobalSection(ProjectConfigurationPlatforms) = postSolution
		{2EFE13E2-4C34-4634-95BB-542A60158E32}.Debug|Any CPU.ActiveCfg = Debug|Any CPU
		{2EFE13E2-4C34-4634-95BB-542A60158E32}.Debug|Any CPU.Build.0 = Debug|Any CPU
		{2EFE13E2-4C34-4634-95BB-542A60158E32}.Debug|x64.ActiveCfg = Debug|Any CPU
		{2EFE13E2-4C34-4634-95BB-542A60158E32}.Debug|x64.Build.0 = Debug|Any CPU
		{2EFE13E2-4C34-4634-95BB-542A60158E32}.Debug|x86.ActiveCfg = Debug|Any CPU
		{2EFE13E2-4C34-4634-95BB-542A60158E32}.Debug|x86.Build.0 = Debug|Any CPU
		{2EFE13E2-4C34-4634-95BB-542A60158E32}.Release|Any CPU.ActiveCfg = Release|Any CPU
		{2EFE13E2-4C34-4634-95BB-542A60158E32}.Release|Any CPU.Build.0 = Release|Any CPU
		{2EFE13E2-4C34-4634-95BB-542A60158E32}.Release|x64.ActiveCfg = Release|Any CPU
		{2EFE13E2-4C34-4634-95BB-542A60158E32}.Release|x64.Build.0 = Release|Any CPU
		{2EFE13E2-4C34-4634-95BB-542A60158E32}.Release|x86.ActiveCfg = Release|Any CPU
		{2EFE13E2-4C34-4634-95BB-542A60158E32}.Release|x86.Build.0 = Release|Any CPU
		{AF8724F2-75C6-420F-A2B5-271665EF3EE4}.Debug|Any CPU.ActiveCfg = Debug|Any CPU
		{AF8724F2-75C6-420F-A2B5-271665EF3EE4}.Debug|Any CPU.Build.0 = Debug|Any CPU
		{AF8724F2-75C6-420F-A2B5-271665EF3EE4}.Debug|x64.ActiveCfg = Debug|Any CPU
		{AF8724F2-75C6-420F-A2B5-271665EF3EE4}.Debug|x64.Build.0 = Debug|Any CPU
		{AF8724F2-75C6-420F-A2B5-271665EF3EE4}.Debug|x86.ActiveCfg = Debug|Any CPU
		{AF8724F2-75C6-420F-A2B5-271665EF3EE4}.Debug|x86.Build.0 = Debug|Any CPU
		{AF8724F2-75C6-420F-A2B5-271665EF3EE4}.Release|Any CPU.ActiveCfg = Release|Any CPU
		{AF8724F2-75C6-420F-A2B5-271665EF3EE4}.Release|Any CPU.Build.0 = Release|Any CPU
		{AF8724F2-75C6-420F-A2B5-271665EF3EE4}.Release|x64.ActiveCfg = Release|Any CPU
		{AF8724F2-75C6-420F-A2B5-271665EF3EE4}.Release|x64.Build.0 = Release|Any CPU
		{AF8724F2-75C6-420F-A2B5-271665EF3EE4}.Release|x86.ActiveCfg = Release|Any CPU
		{AF8724F2-75C6-420F-A2B5-271665EF3EE4}.Release|x86.Build.0 = Release|Any CPU
		{196C4E99-0BBC-410D-BFC0-EAFD939203F4}.Debug|Any CPU.ActiveCfg = Debug|Any CPU
		{196C4E99-0BBC-410D-BFC0-EAFD939203F4}.Debug|Any CPU.Build.0 = Debug|Any CPU
		{196C4E99-0BBC-410D-BFC0-EAFD939203F4}.Debug|x64.ActiveCfg = Debug|Any CPU
		{196C4E99-0BBC-410D-BFC0-EAFD939203F4}.Debug|x64.Build.0 = Debug|Any CPU
		{196C4E99-0BBC-410D-BFC0-EAFD939203F4}.Debug|x86.ActiveCfg = Debug|Any CPU
		{196C4E99-0BBC-410D-BFC0-EAFD939203F4}.Debug|x86.Build.0 = Debug|Any CPU
		{196C4E99-0BBC-410D-BFC0-EAFD939203F4}.Release|Any CPU.ActiveCfg = Release|Any CPU
		{196C4E99-0BBC-410D-BFC0-EAFD939203F4}.Release|Any CPU.Build.0 = Release|Any CPU
		{196C4E99-0BBC-410D-BFC0-EAFD939203F4}.Release|x64.ActiveCfg = Release|Any CPU
		{196C4E99-0BBC-410D-BFC0-EAFD939203F4}.Release|x64.Build.0 = Release|Any CPU
		{196C4E99-0BBC-410D-BFC0-EAFD939203F4}.Release|x86.ActiveCfg = Release|Any CPU
		{196C4E99-0BBC-410D-BFC0-EAFD939203F4}.Release|x86.Build.0 = Release|Any CPU
		{E5F6F30A-5250-4E56-AB5C-B507B0BAE0CC}.Debug|Any CPU.ActiveCfg = Debug|Any CPU
		{E5F6F30A-5250-4E56-AB5C-B507B0BAE0CC}.Debug|Any CPU.Build.0 = Debug|Any CPU
		{E5F6F30A-5250-4E56-AB5C-B507B0BAE0CC}.Debug|x64.ActiveCfg = Debug|Any CPU
		{E5F6F30A-5250-4E56-AB5C-B507B0BAE0CC}.Debug|x64.Build.0 = Debug|Any CPU
		{E5F6F30A-5250-4E56-AB5C-B507B0BAE0CC}.Debug|x86.ActiveCfg = Debug|Any CPU
		{E5F6F30A-5250-4E56-AB5C-B507B0BAE0CC}.Debug|x86.Build.0 = Debug|Any CPU
		{E5F6F30A-5250-4E56-AB5C-B507B0BAE0CC}.Release|Any CPU.ActiveCfg = Release|Any CPU
		{E5F6F30A-5250-4E56-AB5C-B507B0BAE0CC}.Release|Any CPU.Build.0 = Release|Any CPU
		{E5F6F30A-5250-4E56-AB5C-B507B0BAE0CC}.Release|x64.ActiveCfg = Release|Any CPU
		{E5F6F30A-5250-4E56-AB5C-B507B0BAE0CC}.Release|x64.Build.0 = Release|Any CPU
		{E5F6F30A-5250-4E56-AB5C-B507B0BAE0CC}.Release|x86.ActiveCfg = Release|Any CPU
		{E5F6F30A-5250-4E56-AB5C-B507B0BAE0CC}.Release|x86.Build.0 = Release|Any CPU
		{96C39683-9AB0-420D-AA39-4A5ADBB6F81A}.Debug|Any CPU.ActiveCfg = Debug|Any CPU
		{96C39683-9AB0-420D-AA39-4A5ADBB6F81A}.Debug|Any CPU.Build.0 = Debug|Any CPU
		{96C39683-9AB0-420D-AA39-4A5ADBB6F81A}.Debug|x64.ActiveCfg = Debug|Any CPU
		{96C39683-9AB0-420D-AA39-4A5ADBB6F81A}.Debug|x64.Build.0 = Debug|Any CPU
		{96C39683-9AB0-420D-AA39-4A5ADBB6F81A}.Debug|x86.ActiveCfg = Debug|Any CPU
		{96C39683-9AB0-420D-AA39-4A5ADBB6F81A}.Debug|x86.Build.0 = Debug|Any CPU
		{96C39683-9AB0-420D-AA39-4A5ADBB6F81A}.Release|Any CPU.ActiveCfg = Release|Any CPU
		{96C39683-9AB0-420D-AA39-4A5ADBB6F81A}.Release|Any CPU.Build.0 = Release|Any CPU
		{96C39683-9AB0-420D-AA39-4A5ADBB6F81A}.Release|x64.ActiveCfg = Release|Any CPU
		{96C39683-9AB0-420D-AA39-4A5ADBB6F81A}.Release|x64.Build.0 = Release|Any CPU
		{96C39683-9AB0-420D-AA39-4A5ADBB6F81A}.Release|x86.ActiveCfg = Release|Any CPU
		{96C39683-9AB0-420D-AA39-4A5ADBB6F81A}.Release|x86.Build.0 = Release|Any CPU
		{9A56C9AF-D691-4B17-91CA-581A7E6A3BE3}.Debug|Any CPU.ActiveCfg = Debug|Any CPU
		{9A56C9AF-D691-4B17-91CA-581A7E6A3BE3}.Debug|Any CPU.Build.0 = Debug|Any CPU
		{9A56C9AF-D691-4B17-91CA-581A7E6A3BE3}.Debug|x64.ActiveCfg = Debug|Any CPU
		{9A56C9AF-D691-4B17-91CA-581A7E6A3BE3}.Debug|x64.Build.0 = Debug|Any CPU
		{9A56C9AF-D691-4B17-91CA-581A7E6A3BE3}.Debug|x86.ActiveCfg = Debug|Any CPU
		{9A56C9AF-D691-4B17-91CA-581A7E6A3BE3}.Debug|x86.Build.0 = Debug|Any CPU
		{9A56C9AF-D691-4B17-91CA-581A7E6A3BE3}.Release|Any CPU.ActiveCfg = Release|Any CPU
		{9A56C9AF-D691-4B17-91CA-581A7E6A3BE3}.Release|Any CPU.Build.0 = Release|Any CPU
		{9A56C9AF-D691-4B17-91CA-581A7E6A3BE3}.Release|x64.ActiveCfg = Release|Any CPU
		{9A56C9AF-D691-4B17-91CA-581A7E6A3BE3}.Release|x64.Build.0 = Release|Any CPU
		{9A56C9AF-D691-4B17-91CA-581A7E6A3BE3}.Release|x86.ActiveCfg = Release|Any CPU
		{9A56C9AF-D691-4B17-91CA-581A7E6A3BE3}.Release|x86.Build.0 = Release|Any CPU
		{C13B0AA1-D650-4B88-B1FF-90FEC5819B67}.Debug|Any CPU.ActiveCfg = Debug|Any CPU
		{C13B0AA1-D650-4B88-B1FF-90FEC5819B67}.Debug|Any CPU.Build.0 = Debug|Any CPU
		{C13B0AA1-D650-4B88-B1FF-90FEC5819B67}.Debug|x64.ActiveCfg = Debug|Any CPU
		{C13B0AA1-D650-4B88-B1FF-90FEC5819B67}.Debug|x64.Build.0 = Debug|Any CPU
		{C13B0AA1-D650-4B88-B1FF-90FEC5819B67}.Debug|x86.ActiveCfg = Debug|Any CPU
		{C13B0AA1-D650-4B88-B1FF-90FEC5819B67}.Debug|x86.Build.0 = Debug|Any CPU
		{C13B0AA1-D650-4B88-B1FF-90FEC5819B67}.Release|Any CPU.ActiveCfg = Release|Any CPU
		{C13B0AA1-D650-4B88-B1FF-90FEC5819B67}.Release|Any CPU.Build.0 = Release|Any CPU
		{C13B0AA1-D650-4B88-B1FF-90FEC5819B67}.Release|x64.ActiveCfg = Release|Any CPU
		{C13B0AA1-D650-4B88-B1FF-90FEC5819B67}.Release|x64.Build.0 = Release|Any CPU
		{C13B0AA1-D650-4B88-B1FF-90FEC5819B67}.Release|x86.ActiveCfg = Release|Any CPU
		{C13B0AA1-D650-4B88-B1FF-90FEC5819B67}.Release|x86.Build.0 = Release|Any CPU
		{03689ACE-5C32-443F-A28E-3457EE44B0A8}.Debug|Any CPU.ActiveCfg = Debug|Any CPU
		{03689ACE-5C32-443F-A28E-3457EE44B0A8}.Debug|Any CPU.Build.0 = Debug|Any CPU
		{03689ACE-5C32-443F-A28E-3457EE44B0A8}.Debug|x64.ActiveCfg = Debug|Any CPU
		{03689ACE-5C32-443F-A28E-3457EE44B0A8}.Debug|x64.Build.0 = Debug|Any CPU
		{03689ACE-5C32-443F-A28E-3457EE44B0A8}.Debug|x86.ActiveCfg = Debug|Any CPU
		{03689ACE-5C32-443F-A28E-3457EE44B0A8}.Debug|x86.Build.0 = Debug|Any CPU
		{03689ACE-5C32-443F-A28E-3457EE44B0A8}.Release|Any CPU.ActiveCfg = Release|Any CPU
		{03689ACE-5C32-443F-A28E-3457EE44B0A8}.Release|Any CPU.Build.0 = Release|Any CPU
		{03689ACE-5C32-443F-A28E-3457EE44B0A8}.Release|x64.ActiveCfg = Release|Any CPU
		{03689ACE-5C32-443F-A28E-3457EE44B0A8}.Release|x64.Build.0 = Release|Any CPU
		{03689ACE-5C32-443F-A28E-3457EE44B0A8}.Release|x86.ActiveCfg = Release|Any CPU
		{03689ACE-5C32-443F-A28E-3457EE44B0A8}.Release|x86.Build.0 = Release|Any CPU
		{38EA6521-8EC9-45B8-BF9B-34608FE59716}.Debug|Any CPU.ActiveCfg = Debug|Any CPU
		{38EA6521-8EC9-45B8-BF9B-34608FE59716}.Debug|Any CPU.Build.0 = Debug|Any CPU
		{38EA6521-8EC9-45B8-BF9B-34608FE59716}.Debug|x64.ActiveCfg = Debug|Any CPU
		{38EA6521-8EC9-45B8-BF9B-34608FE59716}.Debug|x64.Build.0 = Debug|Any CPU
		{38EA6521-8EC9-45B8-BF9B-34608FE59716}.Debug|x86.ActiveCfg = Debug|Any CPU
		{38EA6521-8EC9-45B8-BF9B-34608FE59716}.Debug|x86.Build.0 = Debug|Any CPU
		{38EA6521-8EC9-45B8-BF9B-34608FE59716}.Release|Any CPU.ActiveCfg = Release|Any CPU
		{38EA6521-8EC9-45B8-BF9B-34608FE59716}.Release|Any CPU.Build.0 = Release|Any CPU
		{38EA6521-8EC9-45B8-BF9B-34608FE59716}.Release|x64.ActiveCfg = Release|Any CPU
		{38EA6521-8EC9-45B8-BF9B-34608FE59716}.Release|x64.Build.0 = Release|Any CPU
		{38EA6521-8EC9-45B8-BF9B-34608FE59716}.Release|x86.ActiveCfg = Release|Any CPU
		{38EA6521-8EC9-45B8-BF9B-34608FE59716}.Release|x86.Build.0 = Release|Any CPU
		{94BD29E8-2A0F-4E3A-9852-F4A8115150A9}.Debug|Any CPU.ActiveCfg = Debug|Any CPU
		{94BD29E8-2A0F-4E3A-9852-F4A8115150A9}.Debug|Any CPU.Build.0 = Debug|Any CPU
		{94BD29E8-2A0F-4E3A-9852-F4A8115150A9}.Debug|x64.ActiveCfg = Debug|Any CPU
		{94BD29E8-2A0F-4E3A-9852-F4A8115150A9}.Debug|x64.Build.0 = Debug|Any CPU
		{94BD29E8-2A0F-4E3A-9852-F4A8115150A9}.Debug|x86.ActiveCfg = Debug|Any CPU
		{94BD29E8-2A0F-4E3A-9852-F4A8115150A9}.Debug|x86.Build.0 = Debug|Any CPU
		{94BD29E8-2A0F-4E3A-9852-F4A8115150A9}.Release|Any CPU.ActiveCfg = Release|Any CPU
		{94BD29E8-2A0F-4E3A-9852-F4A8115150A9}.Release|Any CPU.Build.0 = Release|Any CPU
		{94BD29E8-2A0F-4E3A-9852-F4A8115150A9}.Release|x64.ActiveCfg = Release|Any CPU
		{94BD29E8-2A0F-4E3A-9852-F4A8115150A9}.Release|x64.Build.0 = Release|Any CPU
		{94BD29E8-2A0F-4E3A-9852-F4A8115150A9}.Release|x86.ActiveCfg = Release|Any CPU
		{94BD29E8-2A0F-4E3A-9852-F4A8115150A9}.Release|x86.Build.0 = Release|Any CPU
	EndGlobalSection
	GlobalSection(SolutionProperties) = preSolution
		HideSolutionNode = FALSE
	EndGlobalSection
	GlobalSection(NestedProjects) = preSolution
		{2EFE13E2-4C34-4634-95BB-542A60158E32} = {5D20AA90-6969-D8BD-9DCD-8634F4692FDA}
		{AF8724F2-75C6-420F-A2B5-271665EF3EE4} = {827E0CD3-B72D-47B6-A68D-7590B98EB39B}
		{196C4E99-0BBC-410D-BFC0-EAFD939203F4} = {0AB3BF05-4346-4AA6-1389-037BE0695223}
		{E5F6F30A-5250-4E56-AB5C-B507B0BAE0CC} = {07C2787E-EAC7-C090-1BA3-A61EC2A24D84}
		{96C39683-9AB0-420D-AA39-4A5ADBB6F81A} = {827E0CD3-B72D-47B6-A68D-7590B98EB39B}
		{9A56C9AF-D691-4B17-91CA-581A7E6A3BE3} = {0AB3BF05-4346-4AA6-1389-037BE0695223}
		{C13B0AA1-D650-4B88-B1FF-90FEC5819B67} = {5D20AA90-6969-D8BD-9DCD-8634F4692FDA}
		{03689ACE-5C32-443F-A28E-3457EE44B0A8} = {0AB3BF05-4346-4AA6-1389-037BE0695223}
		{38EA6521-8EC9-45B8-BF9B-34608FE59716} = {827E0CD3-B72D-47B6-A68D-7590B98EB39B}
		{94BD29E8-2A0F-4E3A-9852-F4A8115150A9} = {5D20AA90-6969-D8BD-9DCD-8634F4692FDA}
	EndGlobalSection
EndGlobal
